{
  "originHash" : "eccc6340e3a4d332ffe0993a054e7825b264eb2a5e05af04ab7598493d0ef8ad",
  "pins" : [
    {
      "identity" : "applemobiledevicelibrary",
      "kind" : "remoteSourceControl",
      "location" : "https://github.com/Lakr233/AppleMobileDeviceLibrary.git",
      "state" : {
        "revision" : "553a0bf1b55812b1a08c727b1a3084e88871343b"
      }
    },
    {
      "identity" : "libarchive.xcframework",
      "kind" : "remoteSourceControl",
      "location" : "https://github.com/Lakr233/libarchive.xcframework.git",
      "state" : {
        "revision" : "82687c75e530917b7fbeb15cd5f9369524637155"
      }
    },
    {
      "identity" : "openssl-spm",
      "kind" : "remoteSourceControl",
      "location" : "https://github.com/Lakr233/openssl-spm.git",
      "state" : {
        "revision" : "9f3b525d960fe71e534482310e96cd9c4f2faa17"
      }
    },
    {
      "identity" : "swift-binary-parse-support",
      "kind" : "remoteSourceControl",
      "location" : "https://github.com/p-x9/swift-binary-parse-support.git",
      "state" : {
        "revision" : "5fb96b503672ea4752eded6b4e301fd87214b03b",
        "version" : "0.2.1"
      }
    },
    {
      "identity" : "swift-fileio",
      "kind" : "remoteSourceControl",
      "location" : "https://github.com/p-x9/swift-fileio.git",
      "state" : {
        "revision" : "d589ff3966f9f064574780f527449a946736b989",
        "version" : "0.13.0"
      }
    },
    {
      "identity" : "swift-fileio-extra",
      "kind" : "remoteSourceControl",
      "location" : "https://github.com/p-x9/swift-fileio-extra.git",
      "state" : {
        "revision" : "8d83506dd4dff737807d90dbf2264096ed98c7a7",
        "version" : "0.2.2"
      }
    }
  ],
  "version" : 3
}
