# Generated from pip resolution; scoped to {'implementation_name': 'cpython', 'implementation_version': '3.14.4', 'os_name': 'posix', 'platform_machine': 'arm64', 'platform_release': '25.5.0', 'platform_system': 'Darwin', 'platform_version': 'Darwin Kernel Version 25.5.0: Mon Apr 27 20:38:00 PDT 2026; root:xnu-12377.121.6~2/RELEASE_ARM64_T8103', 'python_full_version': '3.14.4', 'platform_python_implementation': 'CPython', 'python_version': '3.14', 'sys_platform': 'darwin'}

aiofiles==25.1.0 \
    --hash=sha256:abe311e527c862958650f9438e859c1fa7568a141b22abcd015e120e86a85695

annotated-doc==0.0.5 \
    --hash=sha256:117bac03a25ede5df5440e855b32d556049ca169ead221505badf432fed4b101

annotated-types==0.8.0 \
    --hash=sha256:f072f4d804ea359e4eaf198b1af7a8b0943881a87f31bb764f8bf219bb9419e0

anyio==4.15.1 \
    --hash=sha256:6152fdbbf9a77fdec97731721bebf7c4c44f7c29b424b0065826173efc7ed101

apple-compress==0.2.3 \
    --hash=sha256:b4eb22fb45e2e781bb44dc76b94dea7f616f3583fcbb4737ecc53e2a46ab7434

arrow==1.4.0 \
    --hash=sha256:749f0769958ebdc79c173ff0b0670d59051a535fa26e8eba02953dc19eb43205

ASGIMiddlewareStaticFile==0.7.0 \
    --hash=sha256:17796e16400d0b72062d1bfddb3892926d5620348a10bfbaff02304dedd86ca4

asgiref==3.12.1 \
    --hash=sha256:fe386d1c2bff7259ea95929266d12a8cf9a8b5a1c2598402967d8792e7a7c094

ASGIWebDAV==2.0.1 \
    --hash=sha256:d796319dc56a29ac513099bb3df649eb6709addda6ea84cda53fa88540652a3f

asn1==2.8.0 \
    --hash=sha256:1438ac9a53cbc4064330af43b054ae042374f7c8ab46c55358241c15e29f1461

asttokens==3.0.2 \
    --hash=sha256:9da13157f5b28becde0bd374fc677dcd3c290614264eff096f167c469cd9f933

bpylist2==4.1.1 \
    --hash=sha256:4862eab78d9d908d532393208b6771cebc8debef99ab851b54a0a0e28e2bec6b

capstone==5.0.9 \
    --hash=sha256:fc269c5082e17d7f9f265cd6980e2fdc6ab572df913951d76db0357e06b8001d

certifi==2026.7.22 \
    --hash=sha256:62f22742b58a1a33014a2b6b706588a8d7e2a88ae7bd1a6ebe8c992928483775

cffi==2.1.1 \
    --hash=sha256:661c298b4821edebead0c91edd2b00374d67ad7c5a1f7a91d4442633b79d6a72

chardet==7.6.0 \
    --hash=sha256:fc1e1571321baf8927582fe34363ad7f02279f11c8c2839c14b4c76894148db6

charset-normalizer==3.5.1 \
    --hash=sha256:c428c6c31eb5f4277d7f8eccaf767fbd548ddd5ce3c8b4f4cbbfab3d96b5904c

click==8.5.0 \
    --hash=sha256:255bc9599cf7748b4b1a446ccc735421bd08a2ae529a8b88597d3de5664ee360

coloredlogs==15.0.1 \
    --hash=sha256:612ee75c546f53e92e70049c9dbfcc18c935a2b9a53b66085ce9ef6a6e5c0934

construct==2.10.70 \
    --hash=sha256:c80be81ef595a1a821ec69dc16099550ed22197615f4320b57cc9ce2a672cb30

construct-typing==0.8.1 \
    --hash=sha256:9b5845dbaf959c9d960f5105f9ab3533227c4da2b76baa57d1f1c0aa2a088cdb

cryptography==50.0.1 \
    --hash=sha256:b8f852c65863251b9e3a1b8c150ce21e59b522dbb6a7d4bc80e680d38388e986

daemonize==2.5.0 \
    --hash=sha256:9b6b91311a9d934ff3f5f766666635ca280d3de8e7137e4cd7d3f052543b989f

dataclass-wizard==0.39.1 \
    --hash=sha256:3324e59eca705882eb34e2b3989b2beadd8c2b523e6269d4002cf1a4a5bf703b

defusedxml==0.7.1 \
    --hash=sha256:a352e7e428770286cc899e2542b6cdaedb2b4953ff269a210103ec58f6198a61

developer_disk_image==0.3.0 \
    --hash=sha256:5451eb280bcf5188f406107081b05cb4718f645f5dd9c64ee942f577a43108f9

enum-compat==0.0.3 \
    --hash=sha256:88091b617c7fc3bbbceae50db5958023c48dc40b50520005aa3bf27f8f7ea157

executing==2.2.1 \
    --hash=sha256:760643d3452b4d777d295bb167ccc74c64a81df23fb5e08eff250c425a4b2017

fastapi==0.141.1 \
    --hash=sha256:bfb91aa2d334c61cb35ba9a116fc123b3d3df31640b801cf57a7a78ec3f603b3

gpxpy==1.6.2 \
    --hash=sha256:289bc2d80f116c988d0a1e763fda22838f83005573ece2bbc6521817b26fb40a

h11==0.16.0 \
    --hash=sha256:63cf8bbe7522de3bf65932fda1d9c2772064ffb3dae62d55932da54b31cb6c86

hexdump==3.3 \
    --hash=sha256:d781a43b0c16ace3f9366aade73e8ad3a7bd5137d58f0b45ab2d3f54876f20db

humanfriendly==10.0 \
    --hash=sha256:1697e1a8a8f550fd43c2865cd84542fc175a61dcb779b6fee18cf6b6ccba1477

hyperframe==6.1.0 \
    --hash=sha256:b03380493a519fce58ea5af42e4a42317bf9bd425596f7a0835ffce80f1a42e5

idna==3.19 \
    --hash=sha256:815e7be7a7806d54abb586dc943addc79e8b2ee16915059658cbeff4b1b43bf4

ifaddr==0.2.0 \
    --hash=sha256:085e0305cfe6f16ab12d72e2024030f5d52674afad6911bb1eee207177b8a748

ipsw-parser==1.7.5 \
    --hash=sha256:6a520e437c3f3980739febe225a0ae9862c0423071036ae87da121645d7b2b3c

ipython==9.17.1 \
    --hash=sha256:6d1645743cfd1a07eb695d85aa2b5fa66721f8cbae9431d4049f7084bbf06509

ipython_pygments_lexers==1.1.1 \
    --hash=sha256:a9462224a505ade19a605f71f8fa63c2048833ce50abc86768a0d81d876dc81c

jedi==0.20.0 \
    --hash=sha256:7bdd9c2634f56713299976f4cbd59cb3fa92165cc5e05ea811fb253480728b67

keystone-engine==0.9.2 \
    --hash=sha256:2f7af62dab0ce6c2732dbb4f31cfa2184a8a149e280b96b92ebc0db84c6e50f5

loguru==0.7.3 \
    --hash=sha256:31a33c10c8e1e10422bfd431aeb5d351c7cf7fa671e3c4df004162264b28220c

markdown-it-py==4.2.0 \
    --hash=sha256:9f7ebbcd14fe59494226453aed97c1070d83f8d24b6fc3a3bcf9a38092641c4a

matplotlib-inline==0.2.2 \
    --hash=sha256:3c821cf1c209f59fb2d2d64abbf5b23b67bcb2210d663f9918dd851c6da1fcf6

mdurl==0.1.2 \
    --hash=sha256:84008a41e51615a49fc9966191ff91509e3c40b939176e643fd50a5c2196b8f8

opack2==0.0.1 \
    --hash=sha256:11fd1ccc3f0370cf913ca51e96173ba4042bd4d131547d34c81b27a3cac3773c

packaging==26.3 \
    --hash=sha256:d7193f7c8e4e93f444fde0262bf90af30e16fa0ad0ad44cb553c87339b23cd1c

parameter-decorators==0.0.2 \
    --hash=sha256:8f89280356f7ea983725bf47534c22171fbd10a13d98159f44f3c55ba8ae73e7

parso==0.8.7 \
    --hash=sha256:a8926eb2a1b915486941fdbd31e86a4baf88fe8c210f25f2f35ecec5b574ca1c

pexpect==4.9.0 \
    --hash=sha256:7236d1e080e4936be2dc3e326cec0af72acf9212a7e1d060210e70a47e253523

pillow==12.3.0 \
    --hash=sha256:e158cb00350dc278f3b91551101aa7d12415a66ebf2c91d8d5ac14e56ddd3ad0

pip==26.2.1 \
    --hash=sha256:71138adf1f4ca900cdb7d289c21b7494329f2332b6d85f0e1c42108c0384ed3e

plumbum==2.0.2 \
    --hash=sha256:a865771826c1d2cce0ca8b2a2c48aa0447ed7a518859e389a95f158e9c369547

pmd-net-addr==0.0.3 \
    --hash=sha256:7d36b2ecf51004635451ccea2a3ea97a9fd564e68f03397e9635c43ff6ea417b

pmd-net-proto==0.0.3 \
    --hash=sha256:8e843358bd85f43bca7358a8b6615418f4e65a94ee4cacfeed4d78e91909a98c

pmd-pytcp==0.3.7 \
    --hash=sha256:5ea770e611e05ef8cfe889b96816e7e1f4d49f5eab29693d3e2f53c59128df01

prompt_toolkit==3.0.53 \
    --hash=sha256:01c0891d7f9237d5e339f7d3e42cdae80b7534abb1c7c0e3352efba6231492f2

psutil==7.2.2 \
    --hash=sha256:1a7b04c10f32cc88ab39cbf606e117fd74721c831c98a27dc04578deb0c16979

ptyprocess==0.7.0 \
    --hash=sha256:4b41f3967fce3af57cc7e94b888626c18bf37a083e3651ca8feeb66d492fef35

pure_eval==0.2.3 \
    --hash=sha256:1db8e35b67b3d218d818ae653e27f06c3aa420901fa7b081ca98cbedc874e0d0

pycparser==3.0 \
    --hash=sha256:b727414169a36b7d524c1c3e31839a521725078d7b2ff038656844266160a992

pycrashreport==2.0.0 \
    --hash=sha256:12feb922c3349cdb33b468d105915f5f829c53df25640c5c2241bc4182bdb422

pycryptodome==3.23.0 \
    --hash=sha256:187058ab80b3281b1de11c2e6842a357a1f71b42cb1e15bce373f3d238135c27

pydantic==2.13.5 \
    --hash=sha256:346a034f080da3755d8e9cb5e00e8b07de1d39e4f6e2c87d8ab7cafa0b269a73

pydantic_core==2.46.5 \
    --hash=sha256:1a353f84de772f423b5ffb11d7ae352fbbef0f446f3c0b0af0f8236d7233606e

Pygments==2.21.0 \
    --hash=sha256:2363c69b61c4a97c838da3b130dcd6468f4848992b21a82f2a63ec34377137d9

pygnuutils==0.1.1 \
    --hash=sha256:3b690540cc13f2c763250ee5cc647e9c81055d1002b1bcf7ac07ea6d259a21c5

pyimg4==0.8.8 \
    --hash=sha256:55eef0d61c9e612c4e213ca8467c2de868701709cc844d4308c942d6f3f724fb

pyiosbackup==0.2.4 \
    --hash=sha256:c71ae67d012c13e01a5139687eb5bfaaa4e7722e6519c3f0a246a87e015f1b9e

pykdebugparser==1.2.8 \
    --hash=sha256:7ed4bdb427f3d84fb4ba6ca380de6113769cd93df8d1c88da79036a2c36b6a1e

pylzss==0.3.4 \
    --hash=sha256:16818631742488e53a34fda0d402d80edb2b812e11877801e21a9e5ce9b9db1c

pymobiledevice3==11.9.2 \
    --hash=sha256:b1255914fa55327c6e0b0adef720f619690cb0d81cbec3ad3de2c1f763f46d8e

python-dateutil==2.9.0.post0 \
    --hash=sha256:a8b2bc7bffae282281c8140a97d3aa9c14da0b136dfe83f850eea9a5f7470427

python-dotenv==1.2.3 \
    --hash=sha256:904552145e8bfed22162c09dab1c2b9b54fefa7b23ba780f4f26ca0316b0f0d9

python-pcapng==2.1.1 \
    --hash=sha256:2c83e9f9f60d61cbb6c86f80fa9e3d722f1bb606a59a64a96d6ba0179d97ffcf

pytun-pmd3==3.0.3 \
    --hash=sha256:d3e884bb907d6050ba4f9e680392a67d8590dbee47c7ae0b638b13105ae562e1

pyusb==1.3.1 \
    --hash=sha256:bf9b754557af4717fe80c2b07cc2b923a9151f5c08d17bdb5345dac09d6a0430

qh3==1.9.4 \
    --hash=sha256:26f7c8ed1a7ac0e25b654f030a4f472830c80890cc284dc40a31c17ecc21fbf0

questionary==2.1.1 \
    --hash=sha256:a51af13f345f1cdea62347589fbb6df3b290306ab8930713bfae4d475a7d4a59

remotezip2==0.0.2 \
    --hash=sha256:9b01aacfa81329b47963e3183e65650f81438d76315695b0390b573b2512da4a

requests==2.34.2 \
    --hash=sha256:2a0d60c172f83ac6ab31e4554906c0f3b3588d37b5cb939b1c061f4907e278e0

rich==15.0.0 \
    --hash=sha256:33bd4ef74232fb73fe9279a257718407f169c09b78a87ad3d296f548e27de0bb

setuptools==84.0.0 \
    --hash=sha256:51a52592b3b99e102b609654876bd65f19f999935166d1352678931132b0c670

shellingham==1.5.4 \
    --hash=sha256:7ecfff8f2fd72616f7481040475a65b2bf8af90a56c89140852d1120324e8686

six==1.17.0 \
    --hash=sha256:4721f391ed90541fddacab5acf947aa0d3dc7d27b2e1e8eda2be8970586c3274

srptools==1.0.1 \
    --hash=sha256:fccb44c949eb2507ba19f349a3087cb8fed2393014d7f0887b06c3186f19d1e9

stack-data==0.6.3 \
    --hash=sha256:d5558e0c25a4cb0853cddad3d77da9891a08cb85dd9f9f91b9f8cd66e511e695

starlette==1.6.0 \
    --hash=sha256:a86dd39d14bb45f85a3d18525215a9ef0cfd1f192ac793220e72598c90335f0c

termcolor==3.3.0 \
    --hash=sha256:cf642efadaf0a8ebbbf4bc7a31cec2f9b5f21a9f726f4ccbb08192c9c26f43a5

tqdm==4.70.0 \
    --hash=sha256:7f585706bfddbdebf89daac705b2dfcc16890130727d3197ca62c732b4310953

traitlets==5.16.1 \
    --hash=sha256:f775618166caa0396c8e337099240f2bd3e5e917d203b2e6fbe21a58d3cb1f6b

typer==0.27.2 \
    --hash=sha256:b3a5fc4342d5fc8fda8fc3010b1cf117e9249aab7fae800c2eff62fd3842d97d

typer-injector==0.3.0 \
    --hash=sha256:02ea50329f5e411592c5b8ef8387ffa043b58977f0431ec449f7b1f41717f90f

typing-inspection==0.4.4 \
    --hash=sha256:65b8397ba37ccbce054456aaccddfc91e6e3083c92824df348d96ca832f3f147

typing_extensions==4.16.0 \
    --hash=sha256:481caa481374e813c1b176ada14e97f1f67a4539ce9cfeb3f350d78d6370c2e8

tzdata==2026.3 \
    --hash=sha256:dc096730c87af6cab1b171c9d532be840741ff5d459015e7f6947bd7d7e54931

urllib3==2.7.0 \
    --hash=sha256:9fb4c81ebbb1ce9531cce37674bbc6f1360472bc18ca9a553ede278ef7276897

uvicorn==0.52.4 \
    --hash=sha256:f86e41a149d7d05a9969337e3946a9c171c06a5d42680896daaba624aeac8da1

wcwidth==0.8.3 \
    --hash=sha256:d5b73dba6158a595ec9370350e7f2637bcac8d6c5e4fde34f30fcffb6103a5e4

wsproto==1.3.2 \
    --hash=sha256:61eea322cdf56e8cc904bd3ad7573359a242ba65688716b0710a5eb12beab584

xmltodict==1.0.4 \
    --hash=sha256:a4a00d300b0e1c59fc2bfccb53d7b2e88c32f200df138a0dd2229f842497026a

xonsh==0.24.2 \
    --hash=sha256:158c155a179b6883f2289b3788bb12d18988feb59c6ab6224009306c0214b83d
